{
	"name": "tmpa",
	"lockfileVersion": 3,
	"requires": true,
	"packages": {
		"": {
			"dependencies": {
				"@shockpkg/core": "^3.0.8"
			}
		},
		"node_modules/@shockpkg/core": {
			"version": "3.0.8",
			"resolved": "https://registry.npmjs.org/@shockpkg/core/-/core-3.0.8.tgz",
			"integrity": "sha512-FYnwsYfl6zNe0T8ZqCmQLI4XTZXpSGwZKWvQsHSx3w+3XwNPB/pch+Z/FghKvht1RljqKoElmMsRNiJC8JtCzg==",
			"license": "MPL-2.0",
			"engines": {
				"node": ">=18.12.0"
			}
		}
	}
}
